
Microsoft Visual Studio Solution File, Format Version 12.00
# Visual Studio Version 17
VisualStudioVersion = 17.8.34330.188
MinimumVisualStudioVersion = 10.0.40219.1
Project("{FAE04EC0-301F-11D3-BF4B-00C04F79EFBC}") = "Briefly.Api", "Briefly.Api\Briefly.Api.csproj", "{2241AB18-6096-4376-B984-4D4C5901DF56}"
EndProject
Project("{FAE04EC0-301F-11D3-BF4B-00C04F79EFBC}") = "Briefly.Core", "Briefly.Core\Briefly.Core.csproj", "{793E304F-F278-4058-9E69-15D447FD3FD0}"
EndProject
Project("{FAE04EC0-301F-11D3-BF4B-00C04F79EFBC}") = "Briefly.Infrastructure", "Briefly.Infrastructure\Briefly.Infrastructure.csproj", "{14848FE8-5945-410E-AD83-3DB3D7CF408F}"
EndProject
Project("{FAE04EC0-301F-11D3-BF4B-00C04F79EFBC}") = "Briefly.Service", "Briefly.Service\Briefly.Service.csproj", "{FCF56AFB-E3DD-427B-B35F-9A1FE9A55841}"
EndProject
Project("{FAE04EC0-301F-11D3-BF4B-00C04F79EFBC}") = "Briefly.Data", "Briefly.Data\Briefly.Data.csproj", "{5E6A0335-0CEE-4FA4-ABA3-DFC32BDDFA29}"
EndProject
Global
	GlobalSection(SolutionConfigurationPlatforms) = preSolution
		Debug|Any CPU = Debug|Any CPU
		Release|Any CPU = Release|Any CPU
	EndGlobalSection
	GlobalSection(ProjectConfigurationPlatforms) = postSolution
		{2241AB18-6096-4376-B984-4D4C5901DF56}.Debug|Any CPU.ActiveCfg = Debug|Any CPU
		{2241AB18-6096-4376-B984-4D4C5901DF56}.Debug|Any CPU.Build.0 = Debug|Any CPU
		{2241AB18-6096-4376-B984-4D4C5901DF56}.Release|Any CPU.ActiveCfg = Release|Any CPU
		{2241AB18-6096-4376-B984-4D4C5901DF56}.Release|Any CPU.Build.0 = Release|Any CPU
		{793E304F-F278-4058-9E69-15D447FD3FD0}.Debug|Any CPU.ActiveCfg = Debug|Any CPU
		{793E304F-F278-4058-9E69-15D447FD3FD0}.Debug|Any CPU.Build.0 = Debug|Any CPU
		{793E304F-F278-4058-9E69-15D447FD3FD0}.Release|Any CPU.ActiveCfg = Release|Any CPU
		{793E304F-F278-4058-9E69-15D447FD3FD0}.Release|Any CPU.Build.0 = Release|Any CPU
		{14848FE8-5945-410E-AD83-3DB3D7CF408F}.Debug|Any CPU.ActiveCfg = Debug|Any CPU
		{14848FE8-5945-410E-AD83-3DB3D7CF408F}.Debug|Any CPU.Build.0 = Debug|Any CPU
		{14848FE8-5945-410E-AD83-3DB3D7CF408F}.Release|Any CPU.ActiveCfg = Release|Any CPU
		{14848FE8-5945-410E-AD83-3DB3D7CF408F}.Release|Any CPU.Build.0 = Release|Any CPU
		{FCF56AFB-E3DD-427B-B35F-9A1FE9A55841}.Debug|Any CPU.ActiveCfg = Debug|Any CPU
		{FCF56AFB-E3DD-427B-B35F-9A1FE9A55841}.Debug|Any CPU.Build.0 = Debug|Any CPU
		{FCF56AFB-E3DD-427B-B35F-9A1FE9A55841}.Release|Any CPU.ActiveCfg = Release|Any CPU
		{FCF56AFB-E3DD-427B-B35F-9A1FE9A55841}.Release|Any CPU.Build.0 = Release|Any CPU
		{5E6A0335-0CEE-4FA4-ABA3-DFC32BDDFA29}.Debug|Any CPU.ActiveCfg = Debug|Any CPU
		{5E6A0335-0CEE-4FA4-ABA3-DFC32BDDFA29}.Debug|Any CPU.Build.0 = Debug|Any CPU
		{5E6A0335-0CEE-4FA4-ABA3-DFC32BDDFA29}.Release|Any CPU.ActiveCfg = Release|Any CPU
		{5E6A0335-0CEE-4FA4-ABA3-DFC32BDDFA29}.Release|Any CPU.Build.0 = Release|Any CPU
	EndGlobalSection
	GlobalSection(SolutionProperties) = preSolution
		HideSolutionNode = FALSE
	EndGlobalSection
	GlobalSection(ExtensibilityGlobals) = postSolution
		SolutionGuid = {AE4F997B-E687-4472-A632-AC290CAA30A9}
	EndGlobalSection
EndGlobal
